Microsoft Visual Studio Solution File, Format Version 11.00
# Visual Studio 2008

Project("{7AE7C286-D799-A72D-61D8-D5FB3769ED65}") = "Megaman", "Assembly-CSharp-firstpass.csproj", "{7BEF0FC9-1D8E-52EA-8C83-306B4875368A}"
EndProject
Project("{7AE7C286-D799-A72D-61D8-D5FB3769ED65}") = "Megaman", "Assembly-CSharp.csproj", "{3000EDC3-E9B6-AFE3-CCD6-F7B8312AA6CF}"
EndProject
Project("{7AE7C286-D799-A72D-61D8-D5FB3769ED65}") = "Megaman", "Assembly-CSharp-Editor.csproj", "{3FE52DFB-76D4-8C3F-7BC9-99CF5D39913A}"
EndProject
Project("{7AE7C286-D799-A72D-61D8-D5FB3769ED65}") = "Megaman", "Assembly-UnityScript-firstpass.unityproj", "{06C86780-250D-9757-57F6-DA222C9922D4}"
EndProject
Project("{7AE7C286-D799-A72D-61D8-D5FB3769ED65}") = "Megaman", "Assembly-UnityScript.unityproj", "{B759843C-83D2-5B37-B340-C847BED6A0DB}"
EndProject
Global
	GlobalSection(SolutionConfigurationPlatforms) = preSolution
		Debug|Any CPU = Debug|Any CPU
		Release|Any CPU = Release|Any CPU
	EndGlobalSection
	GlobalSection(ProjectConfigurationPlatforms) = postSolution
		{7BEF0FC9-1D8E-52EA-8C83-306B4875368A}.Debug|Any CPU.ActiveCfg = Debug|Any CPU
		{7BEF0FC9-1D8E-52EA-8C83-306B4875368A}.Debug|Any CPU.Build.0 = Debug|Any CPU
		{7BEF0FC9-1D8E-52EA-8C83-306B4875368A}.Release|Any CPU.ActiveCfg = Release|Any CPU
		{7BEF0FC9-1D8E-52EA-8C83-306B4875368A}.Release|Any CPU.Build.0 = Release|Any CPU
		{3000EDC3-E9B6-AFE3-CCD6-F7B8312AA6CF}.Debug|Any CPU.ActiveCfg = Debug|Any CPU
		{3000EDC3-E9B6-AFE3-CCD6-F7B8312AA6CF}.Debug|Any CPU.Build.0 = Debug|Any CPU
		{3000EDC3-E9B6-AFE3-CCD6-F7B8312AA6CF}.Release|Any CPU.ActiveCfg = Release|Any CPU
		{3000EDC3-E9B6-AFE3-CCD6-F7B8312AA6CF}.Release|Any CPU.Build.0 = Release|Any CPU
		{3FE52DFB-76D4-8C3F-7BC9-99CF5D39913A}.Debug|Any CPU.ActiveCfg = Debug|Any CPU
		{3FE52DFB-76D4-8C3F-7BC9-99CF5D39913A}.Debug|Any CPU.Build.0 = Debug|Any CPU
		{3FE52DFB-76D4-8C3F-7BC9-99CF5D39913A}.Release|Any CPU.ActiveCfg = Release|Any CPU
		{3FE52DFB-76D4-8C3F-7BC9-99CF5D39913A}.Release|Any CPU.Build.0 = Release|Any CPU
		{06C86780-250D-9757-57F6-DA222C9922D4}.Debug|Any CPU.ActiveCfg = Debug|Any CPU
		{06C86780-250D-9757-57F6-DA222C9922D4}.Debug|Any CPU.Build.0 = Debug|Any CPU
		{06C86780-250D-9757-57F6-DA222C9922D4}.Release|Any CPU.ActiveCfg = Release|Any CPU
		{06C86780-250D-9757-57F6-DA222C9922D4}.Release|Any CPU.Build.0 = Release|Any CPU
		{B759843C-83D2-5B37-B340-C847BED6A0DB}.Debug|Any CPU.ActiveCfg = Debug|Any CPU
		{B759843C-83D2-5B37-B340-C847BED6A0DB}.Debug|Any CPU.Build.0 = Debug|Any CPU
		{B759843C-83D2-5B37-B340-C847BED6A0DB}.Release|Any CPU.ActiveCfg = Release|Any CPU
		{B759843C-83D2-5B37-B340-C847BED6A0DB}.Release|Any CPU.Build.0 = Release|Any CPU
	EndGlobalSection
	GlobalSection(SolutionProperties) = preSolution
		HideSolutionNode = FALSE
	EndGlobalSection
																																																																																																																																																																																																																													GlobalSection(MonoDevelopProperties) = preSolution
		StartupItem = Assembly-CSharp.csproj
		Policies = $0
		$0.TextStylePolicy = $1
		$1.inheritsSet = null
		$1.scope = text/x-csharp
		$0.CSharpFormattingPolicy = $2
		$2.inheritsSet = Mono
		$2.inheritsScope = text/x-csharp
		$2.scope = text/x-csharp
		$0.TextStylePolicy = $3
		$3.FileWidth = 120
		$3.TabWidth = 4
		$3.EolMarker = Unix
		$3.inheritsSet = Mono
		$3.inheritsScope = text/plain
		$3.scope = text/plain
	EndGlobalSection

EndGlobal
